
Microsoft Visual Studio Solution File, Format Version 12.00
# Visual Studio Version 17
VisualStudioVersion = 17.5.33530.505
MinimumVisualStudioVersion = 10.0.40219.1
Project("{FAE04EC0-301F-11D3-BF4B-00C04F79EFBC}") = "AutoService", "AutoService\AutoService.csproj", "{FBF6B835-5E65-438F-B5E7-03929A10224F}"
EndProject
Global
	GlobalSection(SolutionConfigurationPlatforms) = preSolution
		Debug|Any CPU = Debug|Any CPU
		Release|Any CPU = Release|Any CPU
	EndGlobalSection
	GlobalSection(ProjectConfigurationPlatforms) = postSolution
		{FBF6B835-5E65-438F-B5E7-03929A10224F}.Debug|Any CPU.ActiveCfg = Debug|Any CPU
		{FBF6B835-5E65-438F-B5E7-03929A10224F}.Debug|Any CPU.Build.0 = Debug|Any CPU
		{FBF6B835-5E65-438F-B5E7-03929A10224F}.Release|Any CPU.ActiveCfg = Release|Any CPU
		{FBF6B835-5E65-438F-B5E7-03929A10224F}.Release|Any CPU.Build.0 = Release|Any CPU
	EndGlobalSection
	GlobalSection(SolutionProperties) = preSolution
		HideSolutionNode = FALSE
	EndGlobalSection
	GlobalSection(ExtensibilityGlobals) = postSolution
		SolutionGuid = {09B1E612-C403-4E21-B882-F4055A9DE109}
	EndGlobalSection
EndGlobal
